// !$*UTF8*$!
{
	archiveVersion = 1;
	classes = {
	};
	objectVersion = 50;
	objects = {

/* Begin PBXBuildFile section */
		9B25EE412100CE9400550423 /* ObjectReference.swift in Sources */ = {isa = PBXBuildFile; fileRef = 9B25EE402100CE9400550423 /* ObjectReference.swift */; };
		9B25EE432100CF8B00550423 /* Menu.storyboard in Resources */ = {isa = PBXBuildFile; fileRef = 9B25EE422100CF8B00550423 /* Menu.storyboard */; };
		9B25EE462100D06900550423 /* MenuCollectionViewCell.swift in Sources */ = {isa = PBXBuildFile; fileRef = 9B25EE452100D06900550423 /* MenuCollectionViewCell.swift */; };
		9B25EE482100D2F000550423 /* MenuViewController.swift in Sources */ = {isa = PBXBuildFile; fileRef = 9B25EE472100D2F000550423 /* MenuViewController.swift */; };
		9B25EE4B2100D74300550423 /* savana.xib in Resources */ = {isa = PBXBuildFile; fileRef = 9B25EE4A2100D74300550423 /* savana.xib */; };
		9B25EE4D2100D7A400550423 /* InitialScreenReference.swift in Sources */ = {isa = PBXBuildFile; fileRef = 9B25EE4C2100D7A400550423 /* InitialScreenReference.swift */; };
		9B25EE4F2100D81100550423 /* InitialScreenViewController.swift in Sources */ = {isa = PBXBuildFile; fileRef = 9B25EE4E2100D81100550423 /* InitialScreenViewController.swift */; };
		9B25EE522100DC3400550423 /* forrest.xib in Resources */ = {isa = PBXBuildFile; fileRef = 9B25EE512100DC3400550423 /* forrest.xib */; };
		9B25EE542100DD7800550423 /* india.xib in Resources */ = {isa = PBXBuildFile; fileRef = 9B25EE532100DD7800550423 /* india.xib */; };
		9B25EE562100E03600550423 /* IndiaScreen.swift in Sources */ = {isa = PBXBuildFile; fileRef = 9B25EE552100E03600550423 /* IndiaScreen.swift */; };
		9B25EE592100F51300550423 /* UserDefaultsManager.swift in Sources */ = {isa = PBXBuildFile; fileRef = 9B25EE582100F51300550423 /* UserDefaultsManager.swift */; };
		9B25EE5B2100FA5F00550423 /* RoundView.swift in Sources */ = {isa = PBXBuildFile; fileRef = 9B25EE5A2100FA5F00550423 /* RoundView.swift */; };
		9B25EE602102090100550423 /* robot.png in Resources */ = {isa = PBXBuildFile; fileRef = 9B25EE5F2102090100550423 /* robot.png */; };
		CB2F9B4021020BA90029889A /* Float4x4Extension.swift in Sources */ = {isa = PBXBuildFile; fileRef = CB2F9B3F21020BA90029889A /* Float4x4Extension.swift */; };
		CB2F9B41210212030029889A /* robot.scn in Resources */ = {isa = PBXBuildFile; fileRef = 9B25EE612102099200550423 /* robot.scn */; };
		CB710D9221010DA300D41D53 /* CorrectLetter.xib in Resources */ = {isa = PBXBuildFile; fileRef = CB710D9121010DA300D41D53 /* CorrectLetter.xib */; };
		CB710D9421010EB700D41D53 /* CorrectLetter.swift in Sources */ = {isa = PBXBuildFile; fileRef = CB710D9321010EB700D41D53 /* CorrectLetter.swift */; };
		CB710D972101168C00D41D53 /* StringExtension.swift in Sources */ = {isa = PBXBuildFile; fileRef = CB710D962101168C00D41D53 /* StringExtension.swift */; };
		CBDB4F7520FFC57600476C15 /* AppDelegate.swift in Sources */ = {isa = PBXBuildFile; fileRef = CBDB4F7420FFC57600476C15 /* AppDelegate.swift */; };
		CBDB4F7720FFC57600476C15 /* art.scnassets in Resources */ = {isa = PBXBuildFile; fileRef = CBDB4F7620FFC57600476C15 /* art.scnassets */; };
		CBDB4F7920FFC57600476C15 /* ViewController.swift in Sources */ = {isa = PBXBuildFile; fileRef = CBDB4F7820FFC57600476C15 /* ViewController.swift */; };
		CBDB4F7C20FFC57600476C15 /* Main.storyboard in Resources */ = {isa = PBXBuildFile; fileRef = CBDB4F7A20FFC57600476C15 /* Main.storyboard */; };
		CBDB4F7E20FFC57800476C15 /* Assets.xcassets in Resources */ = {isa = PBXBuildFile; fileRef = CBDB4F7D20FFC57800476C15 /* Assets.xcassets */; };
		CBDB4F8120FFC57800476C15 /* LaunchScreen.storyboard in Resources */ = {isa = PBXBuildFile; fileRef = CBDB4F7F20FFC57800476C15 /* LaunchScreen.storyboard */; };
		CBDB4F8D2100B1B600476C15 /* GamePresenter.swift in Sources */ = {isa = PBXBuildFile; fileRef = CBDB4F8C2100B1B600476C15 /* GamePresenter.swift */; };
		CBDB4F8F2100B37800476C15 /* ObjectModel.swift in Sources */ = {isa = PBXBuildFile; fileRef = CBDB4F8E2100B37800476C15 /* ObjectModel.swift */; };
		CBDB4F992100BCD500476C15 /* spider.scn in Resources */ = {isa = PBXBuildFile; fileRef = CBDB4F942100BCD500476C15 /* spider.scn */; };
		CBDB4F9A2100BCD500476C15 /* SH3.png in Resources */ = {isa = PBXBuildFile; fileRef = CBDB4F952100BCD500476C15 /* SH3.png */; };
		CBDB4F9B2100BCD500476C15 /* Spinnen_Bein_tex_2.jp.jpg in Resources */ = {isa = PBXBuildFile; fileRef = CBDB4F962100BCD500476C15 /* Spinnen_Bein_tex_2.jp.jpg */; };
		CBDB4F9C2100BCD500476C15 /* Spinnen_Bein_tex_COLO.jpg in Resources */ = {isa = PBXBuildFile; fileRef = CBDB4F972100BCD500476C15 /* Spinnen_Bein_tex_COLO.jpg */; };
		CBDB4F9D2100BCD500476C15 /* haar_detail_NRM.jpg in Resources */ = {isa = PBXBuildFile; fileRef = CBDB4F982100BCD500476C15 /* haar_detail_NRM.jpg */; };
/* End PBXBuildFile section */

/* Begin PBXFileReference section */
		9B25EE402100CE9400550423 /* ObjectReference.swift */ = {isa = PBXFileReference; lastKnownFileType = sourcecode.swift; path = ObjectReference.swift; sourceTree = "<group>"; };
		9B25EE422100CF8B00550423 /* Menu.storyboard */ = {isa = PBXFileReference; lastKnownFileType = file.storyboard; path = Menu.storyboard; sourceTree = "<group>"; };
		9B25EE452100D06900550423 /* MenuCollectionViewCell.swift */ = {isa = PBXFileReference; lastKnownFileType = sourcecode.swift; path = MenuCollectionViewCell.swift; sourceTree = "<group>"; };
		9B25EE472100D2F000550423 /* MenuViewController.swift */ = {isa = PBXFileReference; lastKnownFileType = sourcecode.swift; path = MenuViewController.swift; sourceTree = "<group>"; };
		9B25EE4A2100D74300550423 /* savana.xib */ = {isa = PBXFileReference; lastKnownFileType = file.xib; path = savana.xib; sourceTree = "<group>"; };
		9B25EE4C2100D7A400550423 /* InitialScreenReference.swift */ = {isa = PBXFileReference; lastKnownFileType = sourcecode.swift; path = InitialScreenReference.swift; sourceTree = "<group>"; };
		9B25EE4E2100D81100550423 /* InitialScreenViewController.swift */ = {isa = PBXFileReference; lastKnownFileType = sourcecode.swift; path = InitialScreenViewController.swift; sourceTree = "<group>"; };
		9B25EE512100DC3400550423 /* forrest.xib */ = {isa = PBXFileReference; lastKnownFileType = file.xib; path = forrest.xib; sourceTree = "<group>"; };
		9B25EE532100DD7800550423 /* india.xib */ = {isa = PBXFileReference; lastKnownFileType = file.xib; path = india.xib; sourceTree = "<group>"; };
		9B25EE552100E03600550423 /* IndiaScreen.swift */ = {isa = PBXFileReference; lastKnownFileType = sourcecode.swift; path = IndiaScreen.swift; sourceTree = "<group>"; };
		9B25EE582100F51300550423 /* UserDefaultsManager.swift */ = {isa = PBXFileReference; lastKnownFileType = sourcecode.swift; path = UserDefaultsManager.swift; sourceTree = "<group>"; };
		9B25EE5A2100FA5F00550423 /* RoundView.swift */ = {isa = PBXFileReference; lastKnownFileType = sourcecode.swift; path = RoundView.swift; sourceTree = "<group>"; };
		9B25EE5F2102090100550423 /* robot.png */ = {isa = PBXFileReference; lastKnownFileType = image.png; path = robot.png; sourceTree = "<group>"; };
		9B25EE612102099200550423 /* robot.scn */ = {isa = PBXFileReference; lastKnownFileType = file.bplist; path = robot.scn; sourceTree = "<group>"; };
		CB2F9B3F21020BA90029889A /* Float4x4Extension.swift */ = {isa = PBXFileReference; lastKnownFileType = sourcecode.swift; path = Float4x4Extension.swift; sourceTree = "<group>"; };
		CB710D9121010DA300D41D53 /* CorrectLetter.xib */ = {isa = PBXFileReference; lastKnownFileType = file.xib; path = CorrectLetter.xib; sourceTree = "<group>"; };
		CB710D9321010EB700D41D53 /* CorrectLetter.swift */ = {isa = PBXFileReference; lastKnownFileType = sourcecode.swift; path = CorrectLetter.swift; sourceTree = "<group>"; };
		CB710D962101168C00D41D53 /* StringExtension.swift */ = {isa = PBXFileReference; lastKnownFileType = sourcecode.swift; path = StringExtension.swift; sourceTree = "<group>"; };
		CBDB4F7120FFC57600476C15 /* Letter.app */ = {isa = PBXFileReference; explicitFileType = wrapper.application; includeInIndex = 0; path = Letter.app; sourceTree = BUILT_PRODUCTS_DIR; };
		CBDB4F7420FFC57600476C15 /* AppDelegate.swift */ = {isa = PBXFileReference; lastKnownFileType = sourcecode.swift; path = AppDelegate.swift; sourceTree = "<group>"; };
		CBDB4F7620FFC57600476C15 /* art.scnassets */ = {isa = PBXFileReference; lastKnownFileType = wrapper.scnassets; path = art.scnassets; sourceTree = "<group>"; };
		CBDB4F7820FFC57600476C15 /* ViewController.swift */ = {isa = PBXFileReference; lastKnownFileType = sourcecode.swift; path = ViewController.swift; sourceTree = "<group>"; };
		CBDB4F7B20FFC57600476C15 /* Base */ = {isa = PBXFileReference; lastKnownFileType = file.storyboard; name = Base; path = Base.lproj/Main.storyboard; sourceTree = "<group>"; };
		CBDB4F7D20FFC57800476C15 /* Assets.xcassets */ = {isa = PBXFileReference; lastKnownFileType = folder.assetcatalog; path = Assets.xcassets; sourceTree = "<group>"; };
		CBDB4F8020FFC57800476C15 /* Base */ = {isa = PBXFileReference; lastKnownFileType = file.storyboard; name = Base; path = Base.lproj/LaunchScreen.storyboard; sourceTree = "<group>"; };
		CBDB4F8220FFC57800476C15 /* Info.plist */ = {isa = PBXFileReference; lastKnownFileType = text.plist.xml; path = Info.plist; sourceTree = "<group>"; };
		CBDB4F8C2100B1B600476C15 /* GamePresenter.swift */ = {isa = PBXFileReference; lastKnownFileType = sourcecode.swift; path = GamePresenter.swift; sourceTree = "<group>"; };
		CBDB4F8E2100B37800476C15 /* ObjectModel.swift */ = {isa = PBXFileReference; lastKnownFileType = sourcecode.swift; path = ObjectModel.swift; sourceTree = "<group>"; };
		CBDB4F942100BCD500476C15 /* spider.scn */ = {isa = PBXFileReference; lastKnownFileType = file.bplist; path = spider.scn; sourceTree = "<group>"; };
		CBDB4F952100BCD500476C15 /* SH3.png */ = {isa = PBXFileReference; lastKnownFileType = image.png; path = SH3.png; sourceTree = "<group>"; };
		CBDB4F962100BCD500476C15 /* Spinnen_Bein_tex_2.jp.jpg */ = {isa = PBXFileReference; lastKnownFileType = image.jpeg; path = Spinnen_Bein_tex_2.jp.jpg; sourceTree = "<group>"; };
		CBDB4F972100BCD500476C15 /* Spinnen_Bein_tex_COLO.jpg */ = {isa = PBXFileReference; lastKnownFileType = image.jpeg; path = Spinnen_Bein_tex_COLO.jpg; sourceTree = "<group>"; };
		CBDB4F982100BCD500476C15 /* haar_detail_NRM.jpg */ = {isa = PBXFileReference; lastKnownFileType = image.jpeg; path = haar_detail_NRM.jpg; sourceTree = "<group>"; };
/* End PBXFileReference section */

/* Begin PBXFrameworksBuildPhase section */
		CBDB4F6E20FFC57600476C15 /* Frameworks */ = {
			isa = PBXFrameworksBuildPhase;
			buildActionMask = 2147483647;
			files = (
			);
			runOnlyForDeploymentPostprocessing = 0;
		};
/* End PBXFrameworksBuildPhase section */

/* Begin PBXGroup section */
		9B25EE442100D01A00550423 /* CustomView */ = {
			isa = PBXGroup;
			children = (
				CB710D9121010DA300D41D53 /* CorrectLetter.xib */,
				9B25EE492100D72C00550423 /* InitialScreens */,
				9B25EE5A2100FA5F00550423 /* RoundView.swift */,
				CB710D9321010EB700D41D53 /* CorrectLetter.swift */,
			);
			path = CustomView;
			sourceTree = "<group>";
		};
		9B25EE492100D72C00550423 /* InitialScreens */ = {
			isa = PBXGroup;
			children = (
				9B25EE4A2100D74300550423 /* savana.xib */,
				9B25EE512100DC3400550423 /* forrest.xib */,
				9B25EE532100DD7800550423 /* india.xib */,
				9B25EE552100E03600550423 /* IndiaScreen.swift */,
			);
			path = InitialScreens;
			sourceTree = "<group>";
		};
		9B25EE572100E15200550423 /* CustomCells */ = {
			isa = PBXGroup;
			children = (
				9B25EE452100D06900550423 /* MenuCollectionViewCell.swift */,
			);
			path = CustomCells;
			sourceTree = "<group>";
		};
		9B25EE5C210208D100550423 /* Robot */ = {
			isa = PBXGroup;
			children = (
				9B25EE5F2102090100550423 /* robot.png */,
				9B25EE612102099200550423 /* robot.scn */,
			);
			path = Robot;
			sourceTree = "<group>";
		};
		CB710D952101166E00D41D53 /* Extension */ = {
			isa = PBXGroup;
			children = (
				CB710D962101168C00D41D53 /* StringExtension.swift */,
				CB2F9B3F21020BA90029889A /* Float4x4Extension.swift */,
			);
			path = Extension;
			sourceTree = "<group>";
		};
		CBDB4F6820FFC57600476C15 = {
			isa = PBXGroup;
			children = (
				CBDB4F7320FFC57600476C15 /* Letter */,
				CBDB4F7220FFC57600476C15 /* Products */,
			);
			sourceTree = "<group>";
		};
		CBDB4F7220FFC57600476C15 /* Products */ = {
			isa = PBXGroup;
			children = (
				CBDB4F7120FFC57600476C15 /* Letter.app */,
			);
			name = Products;
			sourceTree = "<group>";
		};
		CBDB4F7320FFC57600476C15 /* Letter */ = {
			isa = PBXGroup;
			children = (
				CBDB4F7420FFC57600476C15 /* AppDelegate.swift */,
				CBDB4F8A20FFC58F00476C15 /* Model */,
				CBDB4F8920FFC58D00476C15 /* View */,
				CB710D952101166E00D41D53 /* Extension */,
				CBDB4F8B20FFC82400476C15 /* Presenter */,
				CBDB4F8820FFC58900476C15 /* Controller */,
				CBDB4F7D20FFC57800476C15 /* Assets.xcassets */,
				CBDB4F7620FFC57600476C15 /* art.scnassets */,
				CBDB4F7F20FFC57800476C15 /* LaunchScreen.storyboard */,
				CBDB4F8220FFC57800476C15 /* Info.plist */,
			);
			path = Letter;
			sourceTree = "<group>";
		};
		CBDB4F8820FFC58900476C15 /* Controller */ = {
			isa = PBXGroup;
			children = (
				CBDB4F7820FFC57600476C15 /* ViewController.swift */,
				9B25EE472100D2F000550423 /* MenuViewController.swift */,
				9B25EE4E2100D81100550423 /* InitialScreenViewController.swift */,
			);
			path = Controller;
			sourceTree = "<group>";
		};
		CBDB4F8920FFC58D00476C15 /* View */ = {
			isa = PBXGroup;
			children = (
				CBDB4F7A20FFC57600476C15 /* Main.storyboard */,
				9B25EE422100CF8B00550423 /* Menu.storyboard */,
				9B25EE572100E15200550423 /* CustomCells */,
				9B25EE442100D01A00550423 /* CustomView */,
			);
			path = View;
			sourceTree = "<group>";
		};
		CBDB4F8A20FFC58F00476C15 /* Model */ = {
			isa = PBXGroup;
			children = (
				CBDB4F922100BB1100476C15 /* 3D Models */,
				CBDB4F8E2100B37800476C15 /* ObjectModel.swift */,
				9B25EE402100CE9400550423 /* ObjectReference.swift */,
				9B25EE4C2100D7A400550423 /* InitialScreenReference.swift */,
				9B25EE582100F51300550423 /* UserDefaultsManager.swift */,
			);
			path = Model;
			sourceTree = "<group>";
		};
		CBDB4F8B20FFC82400476C15 /* Presenter */ = {
			isa = PBXGroup;
			children = (
				CBDB4F8C2100B1B600476C15 /* GamePresenter.swift */,
			);
			path = Presenter;
			sourceTree = "<group>";
		};
		CBDB4F922100BB1100476C15 /* 3D Models */ = {
			isa = PBXGroup;
			children = (
				9B25EE5C210208D100550423 /* Robot */,
				CBDB4F932100BCC900476C15 /* spider */,
			);
			path = "3D Models";
			sourceTree = "<group>";
		};
		CBDB4F932100BCC900476C15 /* spider */ = {
			isa = PBXGroup;
			children = (
				CBDB4F982100BCD500476C15 /* haar_detail_NRM.jpg */,
				CBDB4F952100BCD500476C15 /* SH3.png */,
				CBDB4F942100BCD500476C15 /* spider.scn */,
				CBDB4F962100BCD500476C15 /* Spinnen_Bein_tex_2.jp.jpg */,
				CBDB4F972100BCD500476C15 /* Spinnen_Bein_tex_COLO.jpg */,
			);
			name = spider;
			path = "New Group";
			sourceTree = "<group>";
		};
/* End PBXGroup section */

/* Begin PBXNativeTarget section */
		CBDB4F7020FFC57600476C15 /* Letter */ = {
			isa = PBXNativeTarget;
			buildConfigurationList = CBDB4F8520FFC57800476C15 /* Build configuration list for PBXNativeTarget "Letter" */;
			buildPhases = (
				CBDB4F6D20FFC57600476C15 /* Sources */,
				CBDB4F6E20FFC57600476C15 /* Frameworks */,
				CBDB4F6F20FFC57600476C15 /* Resources */,
			);
			buildRules = (
			);
			dependencies = (
			);
			name = Letter;
			productName = Letter;
			productReference = CBDB4F7120FFC57600476C15 /* Letter.app */;
			productType = "com.apple.product-type.application";
		};
/* End PBXNativeTarget section */

/* Begin PBXProject section */
		CBDB4F6920FFC57600476C15 /* Project object */ = {
			isa = PBXProject;
			attributes = {
				LastSwiftUpdateCheck = 0940;
				LastUpgradeCheck = 0940;
				ORGANIZATIONNAME = "Bianca Itiroko";
				TargetAttributes = {
					CBDB4F7020FFC57600476C15 = {
						CreatedOnToolsVersion = 9.4.1;
					};
				};
			};
			buildConfigurationList = CBDB4F6C20FFC57600476C15 /* Build configuration list for PBXProject "Letter" */;
			compatibilityVersion = "Xcode 9.3";
			developmentRegion = en;
			hasScannedForEncodings = 0;
			knownRegions = (
				en,
				Base,
			);
			mainGroup = CBDB4F6820FFC57600476C15;
			productRefGroup = CBDB4F7220FFC57600476C15 /* Products */;
			projectDirPath = "";
			projectRoot = "";
			targets = (
				CBDB4F7020FFC57600476C15 /* Letter */,
			);
		};
/* End PBXProject section */

/* Begin PBXResourcesBuildPhase section */
		CBDB4F6F20FFC57600476C15 /* Resources */ = {
			isa = PBXResourcesBuildPhase;
			buildActionMask = 2147483647;
			files = (
				CBDB4F9A2100BCD500476C15 /* SH3.png in Resources */,
				CB2F9B41210212030029889A /* robot.scn in Resources */,
				9B25EE602102090100550423 /* robot.png in Resources */,
				CBDB4F9B2100BCD500476C15 /* Spinnen_Bein_tex_2.jp.jpg in Resources */,
				CBDB4F992100BCD500476C15 /* spider.scn in Resources */,
				CBDB4F7720FFC57600476C15 /* art.scnassets in Resources */,
				CB710D9221010DA300D41D53 /* CorrectLetter.xib in Resources */,
				9B25EE542100DD7800550423 /* india.xib in Resources */,
				CBDB4F8120FFC57800476C15 /* LaunchScreen.storyboard in Resources */,
				9B25EE432100CF8B00550423 /* Menu.storyboard in Resources */,
				CBDB4F9D2100BCD500476C15 /* haar_detail_NRM.jpg in Resources */,
				CBDB4F9C2100BCD500476C15 /* Spinnen_Bein_tex_COLO.jpg in Resources */,
				CBDB4F7E20FFC57800476C15 /* Assets.xcassets in Resources */,
				9B25EE522100DC3400550423 /* forrest.xib in Resources */,
				CBDB4F7C20FFC57600476C15 /* Main.storyboard in Resources */,
				9B25EE4B2100D74300550423 /* savana.xib in Resources */,
			);
			runOnlyForDeploymentPostprocessing = 0;
		};
/* End PBXResourcesBuildPhase section */

/* Begin PBXSourcesBuildPhase section */
		CBDB4F6D20FFC57600476C15 /* Sources */ = {
			isa = PBXSourcesBuildPhase;
			buildActionMask = 2147483647;
			files = (
				9B25EE4D2100D7A400550423 /* InitialScreenReference.swift in Sources */,
				9B25EE5B2100FA5F00550423 /* RoundView.swift in Sources */,
				9B25EE562100E03600550423 /* IndiaScreen.swift in Sources */,
				9B25EE4F2100D81100550423 /* InitialScreenViewController.swift in Sources */,
				9B25EE412100CE9400550423 /* ObjectReference.swift in Sources */,
				9B25EE592100F51300550423 /* UserDefaultsManager.swift in Sources */,
				CBDB4F8F2100B37800476C15 /* ObjectModel.swift in Sources */,
				CBDB4F7920FFC57600476C15 /* ViewController.swift in Sources */,
				CB710D972101168C00D41D53 /* StringExtension.swift in Sources */,
				9B25EE482100D2F000550423 /* MenuViewController.swift in Sources */,
				CBDB4F7520FFC57600476C15 /* AppDelegate.swift in Sources */,
				CBDB4F8D2100B1B600476C15 /* GamePresenter.swift in Sources */,
				CB2F9B4021020BA90029889A /* Float4x4Extension.swift in Sources */,
				CB710D9421010EB700D41D53 /* CorrectLetter.swift in Sources */,
				9B25EE462100D06900550423 /* MenuCollectionViewCell.swift in Sources */,
			);
			runOnlyForDeploymentPostprocessing = 0;
		};
/* End PBXSourcesBuildPhase section */

/* Begin PBXVariantGroup section */
		CBDB4F7A20FFC57600476C15 /* Main.storyboard */ = {
			isa = PBXVariantGroup;
			children = (
				CBDB4F7B20FFC57600476C15 /* Base */,
			);
			name = Main.storyboard;
			sourceTree = "<group>";
		};
		CBDB4F7F20FFC57800476C15 /* LaunchScreen.storyboard */ = {
			isa = PBXVariantGroup;
			children = (
				CBDB4F8020FFC57800476C15 /* Base */,
			);
			name = LaunchScreen.storyboard;
			sourceTree = "<group>";
		};
/* End PBXVariantGroup section */

/* Begin XCBuildConfiguration section */
		CBDB4F8320FFC57800476C15 /* Debug */ = {
			isa = XCBuildConfiguration;
			buildSettings = {
				ALWAYS_SEARCH_USER_PATHS = NO;
				CLANG_ANALYZER_NONNULL = YES;
				CLANG_ANALYZER_NUMBER_OBJECT_CONVERSION = YES_AGGRESSIVE;
				CLANG_CXX_LANGUAGE_STANDARD = "gnu++14";
				CLANG_CXX_LIBRARY = "libc++";
				CLANG_ENABLE_MODULES = YES;
				CLANG_ENABLE_OBJC_ARC = YES;
				CLANG_ENABLE_OBJC_WEAK = YES;
				CLANG_WARN_BLOCK_CAPTURE_AUTORELEASING = YES;
				CLANG_WARN_BOOL_CONVERSION = YES;
				CLANG_WARN_COMMA = YES;
				CLANG_WARN_CONSTANT_CONVERSION = YES;
				CLANG_WARN_DEPRECATED_OBJC_IMPLEMENTATIONS = YES;
				CLANG_WARN_DIRECT_OBJC_ISA_USAGE = YES_ERROR;
				CLANG_WARN_DOCUMENTATION_COMMENTS = YES;
				CLANG_WARN_EMPTY_BODY = YES;
				CLANG_WARN_ENUM_CONVERSION = YES;
				CLANG_WARN_INFINITE_RECURSION = YES;
				CLANG_WARN_INT_CONVERSION = YES;
				CLANG_WARN_NON_LITERAL_NULL_CONVERSION = YES;
				CLANG_WARN_OBJC_IMPLICIT_RETAIN_SELF = YES;
				CLANG_WARN_OBJC_LITERAL_CONVERSION = YES;
				CLANG_WARN_OBJC_ROOT_CLASS = YES_ERROR;
				CLANG_WARN_RANGE_LOOP_ANALYSIS = YES;
				CLANG_WARN_STRICT_PROTOTYPES = YES;
				CLANG_WARN_SUSPICIOUS_MOVE = YES;
				CLANG_WARN_UNGUARDED_AVAILABILITY = YES_AGGRESSIVE;
				CLANG_WARN_UNREACHABLE_CODE = YES;
				CLANG_WARN__DUPLICATE_METHOD_MATCH = YES;
				CODE_SIGN_IDENTITY = "iPhone Developer";
				COPY_PHASE_STRIP = NO;
				DEBUG_INFORMATION_FORMAT = dwarf;
				ENABLE_STRICT_OBJC_MSGSEND = YES;
				ENABLE_TESTABILITY = YES;
				GCC_C_LANGUAGE_STANDARD = gnu11;
				GCC_DYNAMIC_NO_PIC = NO;
				GCC_NO_COMMON_BLOCKS = YES;
				GCC_OPTIMIZATION_LEVEL = 0;
				GCC_PREPROCESSOR_DEFINITIONS = (
					"DEBUG=1",
					"$(inherited)",
				);
				GCC_WARN_64_TO_32_BIT_CONVERSION = YES;
				GCC_WARN_ABOUT_RETURN_TYPE = YES_ERROR;
				GCC_WARN_UNDECLARED_SELECTOR = YES;
				GCC_WARN_UNINITIALIZED_AUTOS = YES_AGGRESSIVE;
				GCC_WARN_UNUSED_FUNCTION = YES;
				GCC_WARN_UNUSED_VARIABLE = YES;
				IPHONEOS_DEPLOYMENT_TARGET = 11.4;
				MTL_ENABLE_DEBUG_INFO = YES;
				ONLY_ACTIVE_ARCH = YES;
				SDKROOT = iphoneos;
				SWIFT_ACTIVE_COMPILATION_CONDITIONS = DEBUG;
				SWIFT_OPTIMIZATION_LEVEL = "-Onone";
			};
			name = Debug;
		};
		CBDB4F8420FFC57800476C15 /* Release */ = {
			isa = XCBuildConfiguration;
			buildSettings = {
				ALWAYS_SEARCH_USER_PATHS = NO;
				CLANG_ANALYZER_NONNULL = YES;
				CLANG_ANALYZER_NUMBER_OBJECT_CONVERSION = YES_AGGRESSIVE;
				CLANG_CXX_LANGUAGE_STANDARD = "gnu++14";
				CLANG_CXX_LIBRARY = "libc++";
				CLANG_ENABLE_MODULES = YES;
				CLANG_ENABLE_OBJC_ARC = YES;
				CLANG_ENABLE_OBJC_WEAK = YES;
				CLANG_WARN_BLOCK_CAPTURE_AUTORELEASING = YES;
				CLANG_WARN_BOOL_CONVERSION = YES;
				CLANG_WARN_COMMA = YES;
				CLANG_WARN_CONSTANT_CONVERSION = YES;
				CLANG_WARN_DEPRECATED_OBJC_IMPLEMENTATIONS = YES;
				CLANG_WARN_DIRECT_OBJC_ISA_USAGE = YES_ERROR;
				CLANG_WARN_DOCUMENTATION_COMMENTS = YES;
				CLANG_WARN_EMPTY_BODY = YES;
				CLANG_WARN_ENUM_CONVERSION = YES;
				CLANG_WARN_INFINITE_RECURSION = YES;
				CLANG_WARN_INT_CONVERSION = YES;
				CLANG_WARN_NON_LITERAL_NULL_CONVERSION = YES;
				CLANG_WARN_OBJC_IMPLICIT_RETAIN_SELF = YES;
				CLANG_WARN_OBJC_LITERAL_CONVERSION = YES;
				CLANG_WARN_OBJC_ROOT_CLASS = YES_ERROR;
				CLANG_WARN_RANGE_LOOP_ANALYSIS = YES;
				CLANG_WARN_STRICT_PROTOTYPES = YES;
				CLANG_WARN_SUSPICIOUS_MOVE = YES;
				CLANG_WARN_UNGUARDED_AVAILABILITY = YES_AGGRESSIVE;
				CLANG_WARN_UNREACHABLE_CODE = YES;
				CLANG_WARN__DUPLICATE_METHOD_MATCH = YES;
				CODE_SIGN_IDENTITY = "iPhone Developer";
				COPY_PHASE_STRIP = NO;
				DEBUG_INFORMATION_FORMAT = "dwarf-with-dsym";
				ENABLE_NS_ASSERTIONS = NO;
				ENABLE_STRICT_OBJC_MSGSEND = YES;
				GCC_C_LANGUAGE_STANDARD = gnu11;
				GCC_NO_COMMON_BLOCKS = YES;
				GCC_WARN_64_TO_32_BIT_CONVERSION = YES;
				GCC_WARN_ABOUT_RETURN_TYPE = YES_ERROR;
				GCC_WARN_UNDECLARED_SELECTOR = YES;
				GCC_WARN_UNINITIALIZED_AUTOS = YES_AGGRESSIVE;
				GCC_WARN_UNUSED_FUNCTION = YES;
				GCC_WARN_UNUSED_VARIABLE = YES;
				IPHONEOS_DEPLOYMENT_TARGET = 11.4;
				MTL_ENABLE_DEBUG_INFO = NO;
				SDKROOT = iphoneos;
				SWIFT_COMPILATION_MODE = wholemodule;
				SWIFT_OPTIMIZATION_LEVEL = "-O";
				VALIDATE_PRODUCT = YES;
			};
			name = Release;
		};
		CBDB4F8620FFC57800476C15 /* Debug */ = {
			isa = XCBuildConfiguration;
			buildSettings = {
				ASSETCATALOG_COMPILER_APPICON_NAME = AppIcon;
				CODE_SIGN_STYLE = Automatic;
				DEVELOPMENT_TEAM = 2ECVV26Q6C;
				INFOPLIST_FILE = Letter/Info.plist;
				LD_RUNPATH_SEARCH_PATHS = (
					"$(inherited)",
					"@executable_path/Frameworks",
				);
				PRODUCT_BUNDLE_IDENTIFIER = com.BiancaItiroko.Letter;
				PRODUCT_NAME = "$(TARGET_NAME)";
				SWIFT_VERSION = 4.0;
				TARGETED_DEVICE_FAMILY = "1,2";
			};
			name = Debug;
		};
		CBDB4F8720FFC57800476C15 /* Release */ = {
			isa = XCBuildConfiguration;
			buildSettings = {
				ASSETCATALOG_COMPILER_APPICON_NAME = AppIcon;
				CODE_SIGN_STYLE = Automatic;
				DEVELOPMENT_TEAM = 2ECVV26Q6C;
				INFOPLIST_FILE = Letter/Info.plist;
				LD_RUNPATH_SEARCH_PATHS = (
					"$(inherited)",
					"@executable_path/Frameworks",
				);
				PRODUCT_BUNDLE_IDENTIFIER = com.BiancaItiroko.Letter;
				PRODUCT_NAME = "$(TARGET_NAME)";
				SWIFT_VERSION = 4.0;
				TARGETED_DEVICE_FAMILY = "1,2";
			};
			name = Release;
		};
/* End XCBuildConfiguration section */

/* Begin XCConfigurationList section */
		CBDB4F6C20FFC57600476C15 /* Build configuration list for PBXProject "Letter" */ = {
			isa = XCConfigurationList;
			buildConfigurations = (
				CBDB4F8320FFC57800476C15 /* Debug */,
				CBDB4F8420FFC57800476C15 /* Release */,
			);
			defaultConfigurationIsVisible = 0;
			defaultConfigurationName = Release;
		};
		CBDB4F8520FFC57800476C15 /* Build configuration list for PBXNativeTarget "Letter" */ = {
			isa = XCConfigurationList;
			buildConfigurations = (
				CBDB4F8620FFC57800476C15 /* Debug */,
				CBDB4F8720FFC57800476C15 /* Release */,
			);
			defaultConfigurationIsVisible = 0;
			defaultConfigurationName = Release;
		};
/* End XCConfigurationList section */
	};
	rootObject = CBDB4F6920FFC57600476C15 /* Project object */;
}
