// !$*UTF8*$!
{
	archiveVersion = 1;
	classes = {
	};
	objectVersion = 50;
	objects = {

/* Begin PBXBuildFile section */
		9B25EE412100CE9400550423 /* ObjectReference.swift in Sources */ = {isa = PBXBuildFile; fileRef = 9B25EE402100CE9400550423 /* ObjectReference.swift */; };
		9B25EE432100CF8B00550423 /* Menu.storyboard in Resources */ = {isa = PBXBuildFile; fileRef = 9B25EE422100CF8B00550423 /* Menu.storyboard */; };
		9B25EE462100D06900550423 /* MenuCollectionViewCell.swift in Sources */ = {isa = PBXBuildFile; fileRef = 9B25EE452100D06900550423 /* MenuCollectionViewCell.swift */; };
		9B25EE482100D2F000550423 /* MenuViewController.swift in Sources */ = {isa = PBXBuildFile; fileRef = 9B25EE472100D2F000550423 /* MenuViewController.swift */; };
		9B25EE4B2100D74300550423 /* savana.xib in Resources */ = {isa = PBXBuildFile; fileRef = 9B25EE4A2100D74300550423 /* savana.xib */; };
		9B25EE4D2100D7A400550423 /* InitialScreenReference.swift in Sources */ = {isa = PBXBuildFile; fileRef = 9B25EE4C2100D7A400550423 /* InitialScreenReference.swift */; };
		9B25EE4F2100D81100550423 /* InitialScreenViewController.swift in Sources */ = {isa = PBXBuildFile; fileRef = 9B25EE4E2100D81100550423 /* InitialScreenViewController.swift */; };
		9B25EE522100DC3400550423 /* forrest.xib in Resources */ = {isa = PBXBuildFile; fileRef = 9B25EE512100DC3400550423 /* forrest.xib */; };
		9B25EE542100DD7800550423 /* india.xib in Resources */ = {isa = PBXBuildFile; fileRef = 9B25EE532100DD7800550423 /* india.xib */; };
		9B25EE562100E03600550423 /* IndiaScreen.swift in Sources */ = {isa = PBXBuildFile; fileRef = 9B25EE552100E03600550423 /* IndiaScreen.swift */; };
		9B25EE592100F51300550423 /* UserDefaultsManager.swift in Sources */ = {isa = PBXBuildFile; fileRef = 9B25EE582100F51300550423 /* UserDefaultsManager.swift */; };
		9B25EE5B2100FA5F00550423 /* RoundView.swift in Sources */ = {isa = PBXBuildFile; fileRef = 9B25EE5A2100FA5F00550423 /* RoundView.swift */; };
		9B25EE602102090100550423 /* robot.png in Resources */ = {isa = PBXBuildFile; fileRef = 9B25EE5F2102090100550423 /* robot.png */; };
		9B52D75F210282F20020C37D /* elephant.scn in Resources */ = {isa = PBXBuildFile; fileRef = 9BC8680B2102818E00A3F4AB /* elephant.scn */; };
		9B52D762210288520020C37D /* giraffe.png in Resources */ = {isa = PBXBuildFile; fileRef = 9B52D761210288520020C37D /* giraffe.png */; };
		9B52D766210288810020C37D /* giraffe.scn in Resources */ = {isa = PBXBuildFile; fileRef = 9B52D7652102887C0020C37D /* giraffe.scn */; };
		9B52D769210291EC0020C37D /* fish.png in Resources */ = {isa = PBXBuildFile; fileRef = 9B52D768210291EC0020C37D /* fish.png */; };
		9B52D76D210292230020C37D /* fish.scn in Resources */ = {isa = PBXBuildFile; fileRef = 9B52D76C210292200020C37D /* fish.scn */; };
		9B785D1B21021BCC004E4CE4 /* spark.png in Resources */ = {isa = PBXBuildFile; fileRef = 9B785D1921021BCC004E4CE4 /* spark.png */; };
		9B785D1C21021BCC004E4CE4 /* Confetti.scnp in Resources */ = {isa = PBXBuildFile; fileRef = 9B785D1A21021BCC004E4CE4 /* Confetti.scnp */; };
		9B785D202102237A004E4CE4 /* SumOperator.swift in Sources */ = {isa = PBXBuildFile; fileRef = 9B785D1F2102237A004E4CE4 /* SumOperator.swift */; };
		9B785D2221023A29004E4CE4 /* EndGame.storyboard in Resources */ = {isa = PBXBuildFile; fileRef = 9B785D2121023A29004E4CE4 /* EndGame.storyboard */; };
		9B785D2421023C9D004E4CE4 /* EndGameViewController.swift in Sources */ = {isa = PBXBuildFile; fileRef = 9B785D2321023C9D004E4CE4 /* EndGameViewController.swift */; };
		9BBB614021039A67004EF011 /* sheep.png in Resources */ = {isa = PBXBuildFile; fileRef = 9BBB613F21039A67004EF011 /* sheep.png */; };
		9BBB61512103B3BA004EF011 /* octopus.png in Resources */ = {isa = PBXBuildFile; fileRef = 9BBB61502103B3BA004EF011 /* octopus.png */; };
		9BBB61592103B4C3004EF011 /* octopus.scn in Resources */ = {isa = PBXBuildFile; fileRef = 9BBB61582103B4BE004EF011 /* octopus.scn */; };
		9BBB615E2103C7A4004EF011 /* owl.png in Resources */ = {isa = PBXBuildFile; fileRef = 9BBB615D2103C7A4004EF011 /* owl.png */; };
		9BBB61662103D65D004EF011 /* owl.scn in Resources */ = {isa = PBXBuildFile; fileRef = 9BBB615F2103C7F0004EF011 /* owl.scn */; };
		9BBB61672103D661004EF011 /* sheep.scn in Resources */ = {isa = PBXBuildFile; fileRef = 9BBB614321039A85004EF011 /* sheep.scn */; };
		9BBB616B210415DF004EF011 /* kids.m4a in Resources */ = {isa = PBXBuildFile; fileRef = 9BBB616A210415DF004EF011 /* kids.m4a */; };
		9BBB616E21041614004EF011 /* AudioManager.swift in Sources */ = {isa = PBXBuildFile; fileRef = 9BBB616D21041614004EF011 /* AudioManager.swift */; };
		9BBB61732104B746004EF011 /* Tutorial.storyboard in Resources */ = {isa = PBXBuildFile; fileRef = 9BBB61722104B746004EF011 /* Tutorial.storyboard */; };
		9BBB61752104B8EF004EF011 /* TutorialViewController.swift in Sources */ = {isa = PBXBuildFile; fileRef = 9BBB61742104B8EF004EF011 /* TutorialViewController.swift */; };
		9BBB61772104BECE004EF011 /* TutorialReference.swift in Sources */ = {isa = PBXBuildFile; fileRef = 9BBB61762104BECE004EF011 /* TutorialReference.swift */; };
		9BBB61792104C1C8004EF011 /* TutorialCollectionViewCell.swift in Sources */ = {isa = PBXBuildFile; fileRef = 9BBB61782104C1C8004EF011 /* TutorialCollectionViewCell.swift */; };
		9BC867F721026F9100A3F4AB /* deer.png in Resources */ = {isa = PBXBuildFile; fileRef = 9BC867F621026F9100A3F4AB /* deer.png */; };
		9BC867F9210270FC00A3F4AB /* deer.scn in Resources */ = {isa = PBXBuildFile; fileRef = 9BC867F821026FBA00A3F4AB /* deer.scn */; };
		9BC867FC2102764500A3F4AB /* dog.png in Resources */ = {isa = PBXBuildFile; fileRef = 9BC867FB2102764500A3F4AB /* dog.png */; };
		9BC868002102766A00A3F4AB /* dog.scn in Resources */ = {isa = PBXBuildFile; fileRef = 9BC867FF2102766500A3F4AB /* dog.scn */; };
		9BC8680321027CAE00A3F4AB /* bear.png in Resources */ = {isa = PBXBuildFile; fileRef = 9BC8680221027CAE00A3F4AB /* bear.png */; };
		9BC8680721027CE400A3F4AB /* bear.scn in Resources */ = {isa = PBXBuildFile; fileRef = 9BC8680621027CDF00A3F4AB /* bear.scn */; };
		9BD1E03321053AED002FE68D /* kids_cheer.mp3 in Resources */ = {isa = PBXBuildFile; fileRef = 9BD1E03221053AED002FE68D /* kids_cheer.mp3 */; };
		9BD1E03521053C26002FE68D /* ConfettiView.swift in Sources */ = {isa = PBXBuildFile; fileRef = 9BD1E03421053C26002FE68D /* ConfettiView.swift */; };
		9BE04F0A2125F09700F883A9 /* spider.scn in Resources */ = {isa = PBXBuildFile; fileRef = 9BE04F092125F09700F883A9 /* spider.scn */; };
		9BE04F0F2125F98700F883A9 /* arrowzinha.png in Resources */ = {isa = PBXBuildFile; fileRef = 9BE04F0E2125F98700F883A9 /* arrowzinha.png */; };
		9BE04F112125FA7200F883A9 /* arrow.scn in Resources */ = {isa = PBXBuildFile; fileRef = 9BE04F102125F99200F883A9 /* arrow.scn */; };
		9BE04F162126007000F883A9 /* Localizable.strings in Resources */ = {isa = PBXBuildFile; fileRef = 9BE04F182126007000F883A9 /* Localizable.strings */; };
		CB2F9B4021020BA90029889A /* Float4x4Extension.swift in Sources */ = {isa = PBXBuildFile; fileRef = CB2F9B3F21020BA90029889A /* Float4x4Extension.swift */; };
		CB2F9B41210212030029889A /* robot.scn in Resources */ = {isa = PBXBuildFile; fileRef = 9B25EE612102099200550423 /* robot.scn */; };
		CB710D9221010DA300D41D53 /* CorrectLetter.xib in Resources */ = {isa = PBXBuildFile; fileRef = CB710D9121010DA300D41D53 /* CorrectLetter.xib */; };
		CB710D9421010EB700D41D53 /* CorrectLetter.swift in Sources */ = {isa = PBXBuildFile; fileRef = CB710D9321010EB700D41D53 /* CorrectLetter.swift */; };
		CB710D972101168C00D41D53 /* StringExtension.swift in Sources */ = {isa = PBXBuildFile; fileRef = CB710D962101168C00D41D53 /* StringExtension.swift */; };
		CBC7FBA02125BE6B00898C82 /* lights.scn in Resources */ = {isa = PBXBuildFile; fileRef = CBC7FB9F2125BE6600898C82 /* lights.scn */; };
		CBDB4F7520FFC57600476C15 /* AppDelegate.swift in Sources */ = {isa = PBXBuildFile; fileRef = CBDB4F7420FFC57600476C15 /* AppDelegate.swift */; };
		CBDB4F7720FFC57600476C15 /* art.scnassets in Resources */ = {isa = PBXBuildFile; fileRef = CBDB4F7620FFC57600476C15 /* art.scnassets */; };
		CBDB4F7920FFC57600476C15 /* ViewController.swift in Sources */ = {isa = PBXBuildFile; fileRef = CBDB4F7820FFC57600476C15 /* ViewController.swift */; };
		CBDB4F7C20FFC57600476C15 /* Main.storyboard in Resources */ = {isa = PBXBuildFile; fileRef = CBDB4F7A20FFC57600476C15 /* Main.storyboard */; };
		CBDB4F7E20FFC57800476C15 /* Assets.xcassets in Resources */ = {isa = PBXBuildFile; fileRef = CBDB4F7D20FFC57800476C15 /* Assets.xcassets */; };
		CBDB4F8120FFC57800476C15 /* LaunchScreen.storyboard in Resources */ = {isa = PBXBuildFile; fileRef = CBDB4F7F20FFC57800476C15 /* LaunchScreen.storyboard */; };
		CBDB4F8D2100B1B600476C15 /* GamePresenter.swift in Sources */ = {isa = PBXBuildFile; fileRef = CBDB4F8C2100B1B600476C15 /* GamePresenter.swift */; };
		CBDB4F8F2100B37800476C15 /* ObjectModel.swift in Sources */ = {isa = PBXBuildFile; fileRef = CBDB4F8E2100B37800476C15 /* ObjectModel.swift */; };
		CBDB4F9A2100BCD500476C15 /* SH3.png in Resources */ = {isa = PBXBuildFile; fileRef = CBDB4F952100BCD500476C15 /* SH3.png */; };
		CBDB4F9B2100BCD500476C15 /* Spinnen_Bein_tex_2.jp.jpg in Resources */ = {isa = PBXBuildFile; fileRef = CBDB4F962100BCD500476C15 /* Spinnen_Bein_tex_2.jp.jpg */; };
		CBDB4F9C2100BCD500476C15 /* Spinnen_Bein_tex_COLO.jpg in Resources */ = {isa = PBXBuildFile; fileRef = CBDB4F972100BCD500476C15 /* Spinnen_Bein_tex_COLO.jpg */; };
		CBDB4F9D2100BCD500476C15 /* haar_detail_NRM.jpg in Resources */ = {isa = PBXBuildFile; fileRef = CBDB4F982100BCD500476C15 /* haar_detail_NRM.jpg */; };
/* End PBXBuildFile section */

/* Begin PBXFileReference section */
		9B25EE402100CE9400550423 /* ObjectReference.swift */ = {isa = PBXFileReference; lastKnownFileType = sourcecode.swift; path = ObjectReference.swift; sourceTree = "<group>"; };
		9B25EE422100CF8B00550423 /* Menu.storyboard */ = {isa = PBXFileReference; lastKnownFileType = file.storyboard; path = Menu.storyboard; sourceTree = "<group>"; };
		9B25EE452100D06900550423 /* MenuCollectionViewCell.swift */ = {isa = PBXFileReference; lastKnownFileType = sourcecode.swift; path = MenuCollectionViewCell.swift; sourceTree = "<group>"; };
		9B25EE472100D2F000550423 /* MenuViewController.swift */ = {isa = PBXFileReference; lastKnownFileType = sourcecode.swift; path = MenuViewController.swift; sourceTree = "<group>"; };
		9B25EE4A2100D74300550423 /* savana.xib */ = {isa = PBXFileReference; lastKnownFileType = file.xib; path = savana.xib; sourceTree = "<group>"; };
		9B25EE4C2100D7A400550423 /* InitialScreenReference.swift */ = {isa = PBXFileReference; lastKnownFileType = sourcecode.swift; path = InitialScreenReference.swift; sourceTree = "<group>"; };
		9B25EE4E2100D81100550423 /* InitialScreenViewController.swift */ = {isa = PBXFileReference; lastKnownFileType = sourcecode.swift; path = InitialScreenViewController.swift; sourceTree = "<group>"; };
		9B25EE512100DC3400550423 /* forrest.xib */ = {isa = PBXFileReference; lastKnownFileType = file.xib; path = forrest.xib; sourceTree = "<group>"; };
		9B25EE532100DD7800550423 /* india.xib */ = {isa = PBXFileReference; lastKnownFileType = file.xib; path = india.xib; sourceTree = "<group>"; };
		9B25EE552100E03600550423 /* IndiaScreen.swift */ = {isa = PBXFileReference; lastKnownFileType = sourcecode.swift; path = IndiaScreen.swift; sourceTree = "<group>"; };
		9B25EE582100F51300550423 /* UserDefaultsManager.swift */ = {isa = PBXFileReference; lastKnownFileType = sourcecode.swift; path = UserDefaultsManager.swift; sourceTree = "<group>"; };
		9B25EE5A2100FA5F00550423 /* RoundView.swift */ = {isa = PBXFileReference; lastKnownFileType = sourcecode.swift; path = RoundView.swift; sourceTree = "<group>"; };
		9B25EE5F2102090100550423 /* robot.png */ = {isa = PBXFileReference; lastKnownFileType = image.png; path = robot.png; sourceTree = "<group>"; };
		9B25EE612102099200550423 /* robot.scn */ = {isa = PBXFileReference; lastKnownFileType = file.bplist; path = robot.scn; sourceTree = "<group>"; };
		9B52D761210288520020C37D /* giraffe.png */ = {isa = PBXFileReference; lastKnownFileType = image.png; path = giraffe.png; sourceTree = "<group>"; };
		9B52D7652102887C0020C37D /* giraffe.scn */ = {isa = PBXFileReference; lastKnownFileType = file.bplist; path = giraffe.scn; sourceTree = "<group>"; };
		9B52D768210291EC0020C37D /* fish.png */ = {isa = PBXFileReference; lastKnownFileType = image.png; path = fish.png; sourceTree = "<group>"; };
		9B52D76C210292200020C37D /* fish.scn */ = {isa = PBXFileReference; lastKnownFileType = file.bplist; path = fish.scn; sourceTree = "<group>"; };
		9B785D1921021BCC004E4CE4 /* spark.png */ = {isa = PBXFileReference; lastKnownFileType = image.png; path = spark.png; sourceTree = "<group>"; };
		9B785D1A21021BCC004E4CE4 /* Confetti.scnp */ = {isa = PBXFileReference; lastKnownFileType = file.scp; path = Confetti.scnp; sourceTree = "<group>"; };
		9B785D1F2102237A004E4CE4 /* SumOperator.swift */ = {isa = PBXFileReference; lastKnownFileType = sourcecode.swift; path = SumOperator.swift; sourceTree = "<group>"; };
		9B785D2121023A29004E4CE4 /* EndGame.storyboard */ = {isa = PBXFileReference; lastKnownFileType = file.storyboard; path = EndGame.storyboard; sourceTree = "<group>"; };
		9B785D2321023C9D004E4CE4 /* EndGameViewController.swift */ = {isa = PBXFileReference; lastKnownFileType = sourcecode.swift; path = EndGameViewController.swift; sourceTree = "<group>"; };
		9BBB613F21039A67004EF011 /* sheep.png */ = {isa = PBXFileReference; lastKnownFileType = image.png; path = sheep.png; sourceTree = "<group>"; };
		9BBB614321039A85004EF011 /* sheep.scn */ = {isa = PBXFileReference; lastKnownFileType = file.bplist; path = sheep.scn; sourceTree = "<group>"; };
		9BBB61502103B3BA004EF011 /* octopus.png */ = {isa = PBXFileReference; lastKnownFileType = image.png; path = octopus.png; sourceTree = "<group>"; };
		9BBB61582103B4BE004EF011 /* octopus.scn */ = {isa = PBXFileReference; lastKnownFileType = file.bplist; path = octopus.scn; sourceTree = "<group>"; };
		9BBB615D2103C7A4004EF011 /* owl.png */ = {isa = PBXFileReference; lastKnownFileType = image.png; path = owl.png; sourceTree = "<group>"; };
		9BBB615F2103C7F0004EF011 /* owl.scn */ = {isa = PBXFileReference; lastKnownFileType = file.bplist; path = owl.scn; sourceTree = "<group>"; };
		9BBB616A210415DF004EF011 /* kids.m4a */ = {isa = PBXFileReference; lastKnownFileType = file; path = kids.m4a; sourceTree = "<group>"; };
		9BBB616D21041614004EF011 /* AudioManager.swift */ = {isa = PBXFileReference; lastKnownFileType = sourcecode.swift; path = AudioManager.swift; sourceTree = "<group>"; };
		9BBB61722104B746004EF011 /* Tutorial.storyboard */ = {isa = PBXFileReference; lastKnownFileType = file.storyboard; path = Tutorial.storyboard; sourceTree = "<group>"; };
		9BBB61742104B8EF004EF011 /* TutorialViewController.swift */ = {isa = PBXFileReference; lastKnownFileType = sourcecode.swift; path = TutorialViewController.swift; sourceTree = "<group>"; };
		9BBB61762104BECE004EF011 /* TutorialReference.swift */ = {isa = PBXFileReference; lastKnownFileType = sourcecode.swift; path = TutorialReference.swift; sourceTree = "<group>"; };
		9BBB61782104C1C8004EF011 /* TutorialCollectionViewCell.swift */ = {isa = PBXFileReference; lastKnownFileType = sourcecode.swift; path = TutorialCollectionViewCell.swift; sourceTree = "<group>"; };
		9BC867F621026F9100A3F4AB /* deer.png */ = {isa = PBXFileReference; lastKnownFileType = image.png; path = deer.png; sourceTree = "<group>"; };
		9BC867F821026FBA00A3F4AB /* deer.scn */ = {isa = PBXFileReference; lastKnownFileType = file.bplist; path = deer.scn; sourceTree = "<group>"; };
		9BC867FB2102764500A3F4AB /* dog.png */ = {isa = PBXFileReference; lastKnownFileType = image.png; path = dog.png; sourceTree = "<group>"; };
		9BC867FF2102766500A3F4AB /* dog.scn */ = {isa = PBXFileReference; lastKnownFileType = file.bplist; path = dog.scn; sourceTree = "<group>"; };
		9BC8680221027CAE00A3F4AB /* bear.png */ = {isa = PBXFileReference; lastKnownFileType = image.png; path = bear.png; sourceTree = "<group>"; };
		9BC8680621027CDF00A3F4AB /* bear.scn */ = {isa = PBXFileReference; lastKnownFileType = file.bplist; path = bear.scn; sourceTree = "<group>"; };
		9BC8680B2102818E00A3F4AB /* elephant.scn */ = {isa = PBXFileReference; lastKnownFileType = file.bplist; path = elephant.scn; sourceTree = "<group>"; };
		9BD1E03221053AED002FE68D /* kids_cheer.mp3 */ = {isa = PBXFileReference; lastKnownFileType = audio.mp3; path = kids_cheer.mp3; sourceTree = "<group>"; };
		9BD1E03421053C26002FE68D /* ConfettiView.swift */ = {isa = PBXFileReference; lastKnownFileType = sourcecode.swift; path = ConfettiView.swift; sourceTree = "<group>"; };
		9BE04F092125F09700F883A9 /* spider.scn */ = {isa = PBXFileReference; lastKnownFileType = file.bplist; path = spider.scn; sourceTree = "<group>"; };
		9BE04F0E2125F98700F883A9 /* arrowzinha.png */ = {isa = PBXFileReference; lastKnownFileType = image.png; path = arrowzinha.png; sourceTree = "<group>"; };
		9BE04F102125F99200F883A9 /* arrow.scn */ = {isa = PBXFileReference; lastKnownFileType = file.bplist; path = arrow.scn; sourceTree = "<group>"; };
		9BE04F122126000A00F883A9 /* pt-BR */ = {isa = PBXFileReference; lastKnownFileType = text.plist.strings; name = "pt-BR"; path = "pt-BR.lproj/Main.strings"; sourceTree = "<group>"; };
		9BE04F132126000A00F883A9 /* pt-BR */ = {isa = PBXFileReference; lastKnownFileType = text.plist.strings; name = "pt-BR"; path = "pt-BR.lproj/LaunchScreen.strings"; sourceTree = "<group>"; };
		9BE04F172126007000F883A9 /* en */ = {isa = PBXFileReference; lastKnownFileType = text.plist.strings; name = en; path = en.lproj/Localizable.strings; sourceTree = "<group>"; };
		9BE04F192126007300F883A9 /* pt-BR */ = {isa = PBXFileReference; lastKnownFileType = text.plist.strings; name = "pt-BR"; path = "pt-BR.lproj/Localizable.strings"; sourceTree = "<group>"; };
		9BE04F1A212602C100F883A9 /* es-419 */ = {isa = PBXFileReference; lastKnownFileType = text.plist.strings; name = "es-419"; path = "es-419.lproj/Main.strings"; sourceTree = "<group>"; };
		9BE04F1B212602C100F883A9 /* es-419 */ = {isa = PBXFileReference; lastKnownFileType = text.plist.strings; name = "es-419"; path = "es-419.lproj/LaunchScreen.strings"; sourceTree = "<group>"; };
		9BE04F1C212602C200F883A9 /* es-419 */ = {isa = PBXFileReference; lastKnownFileType = text.plist.strings; name = "es-419"; path = "es-419.lproj/Localizable.strings"; sourceTree = "<group>"; };
		9BE04F1D212602CA00F883A9 /* ko */ = {isa = PBXFileReference; lastKnownFileType = text.plist.strings; name = ko; path = ko.lproj/Main.strings; sourceTree = "<group>"; };
		9BE04F1E212602CA00F883A9 /* ko */ = {isa = PBXFileReference; lastKnownFileType = text.plist.strings; name = ko; path = ko.lproj/LaunchScreen.strings; sourceTree = "<group>"; };
		9BE04F1F212602CA00F883A9 /* ko */ = {isa = PBXFileReference; lastKnownFileType = text.plist.strings; name = ko; path = ko.lproj/Localizable.strings; sourceTree = "<group>"; };
		9BE04F23212602E600F883A9 /* zh-Hans */ = {isa = PBXFileReference; lastKnownFileType = text.plist.strings; name = "zh-Hans"; path = "zh-Hans.lproj/Main.strings"; sourceTree = "<group>"; };
		9BE04F24212602E600F883A9 /* zh-Hans */ = {isa = PBXFileReference; lastKnownFileType = text.plist.strings; name = "zh-Hans"; path = "zh-Hans.lproj/LaunchScreen.strings"; sourceTree = "<group>"; };
		9BE04F25212602E600F883A9 /* zh-Hans */ = {isa = PBXFileReference; lastKnownFileType = text.plist.strings; name = "zh-Hans"; path = "zh-Hans.lproj/Localizable.strings"; sourceTree = "<group>"; };
		9BE04F26212602F000F883A9 /* de */ = {isa = PBXFileReference; lastKnownFileType = text.plist.strings; name = de; path = de.lproj/Main.strings; sourceTree = "<group>"; };
		9BE04F27212602F100F883A9 /* de */ = {isa = PBXFileReference; lastKnownFileType = text.plist.strings; name = de; path = de.lproj/LaunchScreen.strings; sourceTree = "<group>"; };
		9BE04F28212602F100F883A9 /* de */ = {isa = PBXFileReference; lastKnownFileType = text.plist.strings; name = de; path = de.lproj/Localizable.strings; sourceTree = "<group>"; };
		9BE04F29212602F600F883A9 /* ru */ = {isa = PBXFileReference; lastKnownFileType = text.plist.strings; name = ru; path = ru.lproj/Main.strings; sourceTree = "<group>"; };
		9BE04F2A212602F700F883A9 /* ru */ = {isa = PBXFileReference; lastKnownFileType = text.plist.strings; name = ru; path = ru.lproj/LaunchScreen.strings; sourceTree = "<group>"; };
		9BE04F2B212602F700F883A9 /* ru */ = {isa = PBXFileReference; lastKnownFileType = text.plist.strings; name = ru; path = ru.lproj/Localizable.strings; sourceTree = "<group>"; };
		9BE04F2C2126030400F883A9 /* fr */ = {isa = PBXFileReference; lastKnownFileType = text.plist.strings; name = fr; path = fr.lproj/Main.strings; sourceTree = "<group>"; };
		9BE04F2D2126030400F883A9 /* fr */ = {isa = PBXFileReference; lastKnownFileType = text.plist.strings; name = fr; path = fr.lproj/LaunchScreen.strings; sourceTree = "<group>"; };
		9BE04F2E2126030500F883A9 /* fr */ = {isa = PBXFileReference; lastKnownFileType = text.plist.strings; name = fr; path = fr.lproj/Localizable.strings; sourceTree = "<group>"; };
		9BE04F2F2126030B00F883A9 /* ja */ = {isa = PBXFileReference; lastKnownFileType = text.plist.strings; name = ja; path = ja.lproj/Main.strings; sourceTree = "<group>"; };
		9BE04F302126030C00F883A9 /* ja */ = {isa = PBXFileReference; lastKnownFileType = text.plist.strings; name = ja; path = ja.lproj/LaunchScreen.strings; sourceTree = "<group>"; };
		9BE04F312126030C00F883A9 /* ja */ = {isa = PBXFileReference; lastKnownFileType = text.plist.strings; name = ja; path = ja.lproj/Localizable.strings; sourceTree = "<group>"; };
		9BE04F322126031800F883A9 /* it */ = {isa = PBXFileReference; lastKnownFileType = text.plist.strings; name = it; path = it.lproj/Main.strings; sourceTree = "<group>"; };
		9BE04F332126031800F883A9 /* it */ = {isa = PBXFileReference; lastKnownFileType = text.plist.strings; name = it; path = it.lproj/LaunchScreen.strings; sourceTree = "<group>"; };
		9BE04F342126031800F883A9 /* it */ = {isa = PBXFileReference; lastKnownFileType = text.plist.strings; name = it; path = it.lproj/Localizable.strings; sourceTree = "<group>"; };
		CB2F9B3F21020BA90029889A /* Float4x4Extension.swift */ = {isa = PBXFileReference; lastKnownFileType = sourcecode.swift; path = Float4x4Extension.swift; sourceTree = "<group>"; };
		CB710D9121010DA300D41D53 /* CorrectLetter.xib */ = {isa = PBXFileReference; lastKnownFileType = file.xib; path = CorrectLetter.xib; sourceTree = "<group>"; };
		CB710D9321010EB700D41D53 /* CorrectLetter.swift */ = {isa = PBXFileReference; lastKnownFileType = sourcecode.swift; path = CorrectLetter.swift; sourceTree = "<group>"; };
		CB710D962101168C00D41D53 /* StringExtension.swift */ = {isa = PBXFileReference; lastKnownFileType = sourcecode.swift; path = StringExtension.swift; sourceTree = "<group>"; };
		CBC7FB9F2125BE6600898C82 /* lights.scn */ = {isa = PBXFileReference; lastKnownFileType = file.bplist; path = lights.scn; sourceTree = "<group>"; };
		CBDB4F7120FFC57600476C15 /* Letter.app */ = {isa = PBXFileReference; explicitFileType = wrapper.application; includeInIndex = 0; path = Letter.app; sourceTree = BUILT_PRODUCTS_DIR; };
		CBDB4F7420FFC57600476C15 /* AppDelegate.swift */ = {isa = PBXFileReference; lastKnownFileType = sourcecode.swift; path = AppDelegate.swift; sourceTree = "<group>"; };
		CBDB4F7620FFC57600476C15 /* art.scnassets */ = {isa = PBXFileReference; lastKnownFileType = wrapper.scnassets; path = art.scnassets; sourceTree = "<group>"; };
		CBDB4F7820FFC57600476C15 /* ViewController.swift */ = {isa = PBXFileReference; lastKnownFileType = sourcecode.swift; path = ViewController.swift; sourceTree = "<group>"; };
		CBDB4F7B20FFC57600476C15 /* Base */ = {isa = PBXFileReference; lastKnownFileType = file.storyboard; name = Base; path = Base.lproj/Main.storyboard; sourceTree = "<group>"; };
		CBDB4F7D20FFC57800476C15 /* Assets.xcassets */ = {isa = PBXFileReference; lastKnownFileType = folder.assetcatalog; path = Assets.xcassets; sourceTree = "<group>"; };
		CBDB4F8020FFC57800476C15 /* Base */ = {isa = PBXFileReference; lastKnownFileType = file.storyboard; name = Base; path = Base.lproj/LaunchScreen.storyboard; sourceTree = "<group>"; };
		CBDB4F8220FFC57800476C15 /* Info.plist */ = {isa = PBXFileReference; lastKnownFileType = text.plist.xml; path = Info.plist; sourceTree = "<group>"; };
		CBDB4F8C2100B1B600476C15 /* GamePresenter.swift */ = {isa = PBXFileReference; lastKnownFileType = sourcecode.swift; path = GamePresenter.swift; sourceTree = "<group>"; };
		CBDB4F8E2100B37800476C15 /* ObjectModel.swift */ = {isa = PBXFileReference; lastKnownFileType = sourcecode.swift; path = ObjectModel.swift; sourceTree = "<group>"; };
		CBDB4F952100BCD500476C15 /* SH3.png */ = {isa = PBXFileReference; lastKnownFileType = image.png; path = SH3.png; sourceTree = "<group>"; };
		CBDB4F962100BCD500476C15 /* Spinnen_Bein_tex_2.jp.jpg */ = {isa = PBXFileReference; lastKnownFileType = image.jpeg; path = Spinnen_Bein_tex_2.jp.jpg; sourceTree = "<group>"; };
		CBDB4F972100BCD500476C15 /* Spinnen_Bein_tex_COLO.jpg */ = {isa = PBXFileReference; lastKnownFileType = image.jpeg; path = Spinnen_Bein_tex_COLO.jpg; sourceTree = "<group>"; };
		CBDB4F982100BCD500476C15 /* haar_detail_NRM.jpg */ = {isa = PBXFileReference; lastKnownFileType = image.jpeg; path = haar_detail_NRM.jpg; sourceTree = "<group>"; };
/* End PBXFileReference section */

/* Begin PBXFrameworksBuildPhase section */
		CBDB4F6E20FFC57600476C15 /* Frameworks */ = {
			isa = PBXFrameworksBuildPhase;
			buildActionMask = 2147483647;
			files = (
			);
			runOnlyForDeploymentPostprocessing = 0;
		};
/* End PBXFrameworksBuildPhase section */

/* Begin PBXGroup section */
		9B25EE442100D01A00550423 /* CustomView */ = {
			isa = PBXGroup;
			children = (
				CB710D9121010DA300D41D53 /* CorrectLetter.xib */,
				9B25EE492100D72C00550423 /* InitialScreens */,
				9B25EE5A2100FA5F00550423 /* RoundView.swift */,
				CB710D9321010EB700D41D53 /* CorrectLetter.swift */,
				9BD1E03421053C26002FE68D /* ConfettiView.swift */,
			);
			path = CustomView;
			sourceTree = "<group>";
		};
		9B25EE492100D72C00550423 /* InitialScreens */ = {
			isa = PBXGroup;
			children = (
				9B25EE4A2100D74300550423 /* savana.xib */,
				9B25EE512100DC3400550423 /* forrest.xib */,
				9B25EE532100DD7800550423 /* india.xib */,
				9B25EE552100E03600550423 /* IndiaScreen.swift */,
			);
			path = InitialScreens;
			sourceTree = "<group>";
		};
		9B25EE572100E15200550423 /* CustomCells */ = {
			isa = PBXGroup;
			children = (
				9B25EE452100D06900550423 /* MenuCollectionViewCell.swift */,
				9BBB61782104C1C8004EF011 /* TutorialCollectionViewCell.swift */,
			);
			path = CustomCells;
			sourceTree = "<group>";
		};
		9B25EE5C210208D100550423 /* Robot */ = {
			isa = PBXGroup;
			children = (
				9B25EE5F2102090100550423 /* robot.png */,
				9B25EE612102099200550423 /* robot.scn */,
			);
			path = Robot;
			sourceTree = "<group>";
		};
		9B52D7602102883A0020C37D /* Giraffe */ = {
			isa = PBXGroup;
			children = (
				9B52D7652102887C0020C37D /* giraffe.scn */,
				9B52D761210288520020C37D /* giraffe.png */,
			);
			path = Giraffe;
			sourceTree = "<group>";
		};
		9B52D767210291B70020C37D /* Fish */ = {
			isa = PBXGroup;
			children = (
				9B52D76C210292200020C37D /* fish.scn */,
				9B52D768210291EC0020C37D /* fish.png */,
			);
			path = Fish;
			sourceTree = "<group>";
		};
		9B785D0E21021832004E4CE4 /* Sparkles */ = {
			isa = PBXGroup;
			children = (
				9B785D1921021BCC004E4CE4 /* spark.png */,
				9B785D1A21021BCC004E4CE4 /* Confetti.scnp */,
			);
			path = Sparkles;
			sourceTree = "<group>";
		};
		9BBB613E21039A5D004EF011 /* Sheep */ = {
			isa = PBXGroup;
			children = (
				9BBB614321039A85004EF011 /* sheep.scn */,
				9BBB613F21039A67004EF011 /* sheep.png */,
			);
			path = Sheep;
			sourceTree = "<group>";
		};
		9BBB614E2103B332004EF011 /* Octopus */ = {
			isa = PBXGroup;
			children = (
				9BBB61582103B4BE004EF011 /* octopus.scn */,
				9BBB61502103B3BA004EF011 /* octopus.png */,
			);
			path = Octopus;
			sourceTree = "<group>";
		};
		9BBB615A2103C787004EF011 /* Owl */ = {
			isa = PBXGroup;
			children = (
				9BBB615D2103C7A4004EF011 /* owl.png */,
				9BBB615F2103C7F0004EF011 /* owl.scn */,
			);
			path = Owl;
			sourceTree = "<group>";
		};
		9BBB6168210415D0004EF011 /* Audio */ = {
			isa = PBXGroup;
			children = (
				9BD1E03121053AE6002FE68D /* SFX */,
				9BBB6169210415D5004EF011 /* Soundtrack */,
			);
			path = Audio;
			sourceTree = "<group>";
		};
		9BBB6169210415D5004EF011 /* Soundtrack */ = {
			isa = PBXGroup;
			children = (
				9BBB616A210415DF004EF011 /* kids.m4a */,
			);
			path = Soundtrack;
			sourceTree = "<group>";
		};
		9BBB616C210415FE004EF011 /* Services */ = {
			isa = PBXGroup;
			children = (
				9BBB616D21041614004EF011 /* AudioManager.swift */,
			);
			path = Services;
			sourceTree = "<group>";
		};
		9BC867F321026F7000A3F4AB /* Deer */ = {
			isa = PBXGroup;
			children = (
				9BC867F621026F9100A3F4AB /* deer.png */,
				9BC867F821026FBA00A3F4AB /* deer.scn */,
			);
			path = Deer;
			sourceTree = "<group>";
		};
		9BC867FA2102763300A3F4AB /* Dog */ = {
			isa = PBXGroup;
			children = (
				9BC867FF2102766500A3F4AB /* dog.scn */,
				9BC867FB2102764500A3F4AB /* dog.png */,
			);
			path = Dog;
			sourceTree = "<group>";
		};
		9BC8680121027CA400A3F4AB /* Bear */ = {
			isa = PBXGroup;
			children = (
				9BC8680621027CDF00A3F4AB /* bear.scn */,
				9BC8680221027CAE00A3F4AB /* bear.png */,
			);
			path = Bear;
			sourceTree = "<group>";
		};
		9BC868082102814400A3F4AB /* Elephant */ = {
			isa = PBXGroup;
			children = (
				9BC8680B2102818E00A3F4AB /* elephant.scn */,
			);
			path = Elephant;
			sourceTree = "<group>";
		};
		9BD1E03121053AE6002FE68D /* SFX */ = {
			isa = PBXGroup;
			children = (
				9BD1E03221053AED002FE68D /* kids_cheer.mp3 */,
			);
			path = SFX;
			sourceTree = "<group>";
		};
		9BE04F0B2125F91300F883A9 /* Arrow */ = {
			isa = PBXGroup;
			children = (
				9BE04F0E2125F98700F883A9 /* arrowzinha.png */,
				9BE04F102125F99200F883A9 /* arrow.scn */,
			);
			path = Arrow;
			sourceTree = "<group>";
		};
		CB710D952101166E00D41D53 /* Extension */ = {
			isa = PBXGroup;
			children = (
				CB710D962101168C00D41D53 /* StringExtension.swift */,
				CB2F9B3F21020BA90029889A /* Float4x4Extension.swift */,
				9B785D1F2102237A004E4CE4 /* SumOperator.swift */,
			);
			path = Extension;
			sourceTree = "<group>";
		};
		CBDB4F6820FFC57600476C15 = {
			isa = PBXGroup;
			children = (
				CBDB4F7320FFC57600476C15 /* Letter */,
				CBDB4F7220FFC57600476C15 /* Products */,
			);
			sourceTree = "<group>";
		};
		CBDB4F7220FFC57600476C15 /* Products */ = {
			isa = PBXGroup;
			children = (
				CBDB4F7120FFC57600476C15 /* Letter.app */,
			);
			name = Products;
			sourceTree = "<group>";
		};
		CBDB4F7320FFC57600476C15 /* Letter */ = {
			isa = PBXGroup;
			children = (
				CBDB4F7420FFC57600476C15 /* AppDelegate.swift */,
				9BE04F182126007000F883A9 /* Localizable.strings */,
				CBDB4F8A20FFC58F00476C15 /* Model */,
				CBDB4F8920FFC58D00476C15 /* View */,
				CB710D952101166E00D41D53 /* Extension */,
				CBDB4F8B20FFC82400476C15 /* Presenter */,
				CBDB4F8820FFC58900476C15 /* Controller */,
				9BBB616C210415FE004EF011 /* Services */,
				CBDB4F7D20FFC57800476C15 /* Assets.xcassets */,
				CBDB4F7620FFC57600476C15 /* art.scnassets */,
				CBDB4F7F20FFC57800476C15 /* LaunchScreen.storyboard */,
				CBDB4F8220FFC57800476C15 /* Info.plist */,
			);
			path = Letter;
			sourceTree = "<group>";
		};
		CBDB4F8820FFC58900476C15 /* Controller */ = {
			isa = PBXGroup;
			children = (
				CBDB4F7820FFC57600476C15 /* ViewController.swift */,
				9B25EE472100D2F000550423 /* MenuViewController.swift */,
				9B25EE4E2100D81100550423 /* InitialScreenViewController.swift */,
				9B785D2321023C9D004E4CE4 /* EndGameViewController.swift */,
				9BBB61742104B8EF004EF011 /* TutorialViewController.swift */,
			);
			path = Controller;
			sourceTree = "<group>";
		};
		CBDB4F8920FFC58D00476C15 /* View */ = {
			isa = PBXGroup;
			children = (
				CBDB4F7A20FFC57600476C15 /* Main.storyboard */,
				9B25EE422100CF8B00550423 /* Menu.storyboard */,
				9B785D2121023A29004E4CE4 /* EndGame.storyboard */,
				9BBB61722104B746004EF011 /* Tutorial.storyboard */,
				9B25EE572100E15200550423 /* CustomCells */,
				9B25EE442100D01A00550423 /* CustomView */,
			);
			path = View;
			sourceTree = "<group>";
		};
		CBDB4F8A20FFC58F00476C15 /* Model */ = {
			isa = PBXGroup;
			children = (
				9BBB6168210415D0004EF011 /* Audio */,
				CBDB4F922100BB1100476C15 /* 3D Models */,
				CBDB4F8E2100B37800476C15 /* ObjectModel.swift */,
				9B25EE402100CE9400550423 /* ObjectReference.swift */,
				9B25EE4C2100D7A400550423 /* InitialScreenReference.swift */,
				9B25EE582100F51300550423 /* UserDefaultsManager.swift */,
				9BBB61762104BECE004EF011 /* TutorialReference.swift */,
			);
			path = Model;
			sourceTree = "<group>";
		};
		CBDB4F8B20FFC82400476C15 /* Presenter */ = {
			isa = PBXGroup;
			children = (
				CBDB4F8C2100B1B600476C15 /* GamePresenter.swift */,
			);
			path = Presenter;
			sourceTree = "<group>";
		};
		CBDB4F922100BB1100476C15 /* 3D Models */ = {
			isa = PBXGroup;
			children = (
				9BE04F0B2125F91300F883A9 /* Arrow */,
				9BBB615A2103C787004EF011 /* Owl */,
				9BBB614E2103B332004EF011 /* Octopus */,
				9BBB613E21039A5D004EF011 /* Sheep */,
				9B52D767210291B70020C37D /* Fish */,
				9B52D7602102883A0020C37D /* Giraffe */,
				9BC868082102814400A3F4AB /* Elephant */,
				9BC8680121027CA400A3F4AB /* Bear */,
				9BC867FA2102763300A3F4AB /* Dog */,
				9BC867F321026F7000A3F4AB /* Deer */,
				9B785D0E21021832004E4CE4 /* Sparkles */,
				9B25EE5C210208D100550423 /* Robot */,
				CBDB4F932100BCC900476C15 /* spider */,
			);
			path = "3D Models";
			sourceTree = "<group>";
		};
		CBDB4F932100BCC900476C15 /* spider */ = {
			isa = PBXGroup;
			children = (
				CBC7FB9F2125BE6600898C82 /* lights.scn */,
				CBDB4F982100BCD500476C15 /* haar_detail_NRM.jpg */,
				CBDB4F952100BCD500476C15 /* SH3.png */,
				9BE04F092125F09700F883A9 /* spider.scn */,
				CBDB4F962100BCD500476C15 /* Spinnen_Bein_tex_2.jp.jpg */,
				CBDB4F972100BCD500476C15 /* Spinnen_Bein_tex_COLO.jpg */,
			);
			name = spider;
			path = "New Group";
			sourceTree = "<group>";
		};
/* End PBXGroup section */

/* Begin PBXNativeTarget section */
		CBDB4F7020FFC57600476C15 /* Letter */ = {
			isa = PBXNativeTarget;
			buildConfigurationList = CBDB4F8520FFC57800476C15 /* Build configuration list for PBXNativeTarget "Letter" */;
			buildPhases = (
				CBDB4F6D20FFC57600476C15 /* Sources */,
				CBDB4F6E20FFC57600476C15 /* Frameworks */,
				CBDB4F6F20FFC57600476C15 /* Resources */,
			);
			buildRules = (
			);
			dependencies = (
			);
			name = Letter;
			productName = Letter;
			productReference = CBDB4F7120FFC57600476C15 /* Letter.app */;
			productType = "com.apple.product-type.application";
		};
/* End PBXNativeTarget section */

/* Begin PBXProject section */
		CBDB4F6920FFC57600476C15 /* Project object */ = {
			isa = PBXProject;
			attributes = {
				LastSwiftUpdateCheck = 0940;
				LastUpgradeCheck = 0940;
				ORGANIZATIONNAME = "Bianca Itiroko";
				TargetAttributes = {
					CBDB4F7020FFC57600476C15 = {
						CreatedOnToolsVersion = 9.4.1;
					};
				};
			};
			buildConfigurationList = CBDB4F6C20FFC57600476C15 /* Build configuration list for PBXProject "Letter" */;
			compatibilityVersion = "Xcode 9.3";
			developmentRegion = en;
			hasScannedForEncodings = 0;
			knownRegions = (
				en,
				Base,
				"pt-BR",
				"es-419",
				ko,
				"zh-Hans",
				de,
				ru,
				fr,
				ja,
				it,
			);
			mainGroup = CBDB4F6820FFC57600476C15;
			productRefGroup = CBDB4F7220FFC57600476C15 /* Products */;
			projectDirPath = "";
			projectRoot = "";
			targets = (
				CBDB4F7020FFC57600476C15 /* Letter */,
			);
		};
/* End PBXProject section */

/* Begin PBXResourcesBuildPhase section */
		CBDB4F6F20FFC57600476C15 /* Resources */ = {
			isa = PBXResourcesBuildPhase;
			buildActionMask = 2147483647;
			files = (
				9BD1E03321053AED002FE68D /* kids_cheer.mp3 in Resources */,
				CBDB4F9A2100BCD500476C15 /* SH3.png in Resources */,
				9BC867F721026F9100A3F4AB /* deer.png in Resources */,
				9BBB614021039A67004EF011 /* sheep.png in Resources */,
				9B52D762210288520020C37D /* giraffe.png in Resources */,
				CB2F9B41210212030029889A /* robot.scn in Resources */,
				9B785D2221023A29004E4CE4 /* EndGame.storyboard in Resources */,
				9B25EE602102090100550423 /* robot.png in Resources */,
				9BE04F162126007000F883A9 /* Localizable.strings in Resources */,
				9BC8680321027CAE00A3F4AB /* bear.png in Resources */,
				CBDB4F9B2100BCD500476C15 /* Spinnen_Bein_tex_2.jp.jpg in Resources */,
				9BE04F112125FA7200F883A9 /* arrow.scn in Resources */,
				9B785D1B21021BCC004E4CE4 /* spark.png in Resources */,
				9BBB61512103B3BA004EF011 /* octopus.png in Resources */,
				9BC868002102766A00A3F4AB /* dog.scn in Resources */,
				CBDB4F7720FFC57600476C15 /* art.scnassets in Resources */,
				CB710D9221010DA300D41D53 /* CorrectLetter.xib in Resources */,
				9BBB615E2103C7A4004EF011 /* owl.png in Resources */,
				9B52D769210291EC0020C37D /* fish.png in Resources */,
				9B52D766210288810020C37D /* giraffe.scn in Resources */,
				9B25EE542100DD7800550423 /* india.xib in Resources */,
				9BE04F0A2125F09700F883A9 /* spider.scn in Resources */,
				9BE04F0F2125F98700F883A9 /* arrowzinha.png in Resources */,
				9BC867F9210270FC00A3F4AB /* deer.scn in Resources */,
				9BBB61592103B4C3004EF011 /* octopus.scn in Resources */,
				CBDB4F8120FFC57800476C15 /* LaunchScreen.storyboard in Resources */,
				9BC8680721027CE400A3F4AB /* bear.scn in Resources */,
				9B25EE432100CF8B00550423 /* Menu.storyboard in Resources */,
				9BBB616B210415DF004EF011 /* kids.m4a in Resources */,
				9B52D76D210292230020C37D /* fish.scn in Resources */,
				9B785D1C21021BCC004E4CE4 /* Confetti.scnp in Resources */,
				CBDB4F9D2100BCD500476C15 /* haar_detail_NRM.jpg in Resources */,
				CBDB4F9C2100BCD500476C15 /* Spinnen_Bein_tex_COLO.jpg in Resources */,
				9BBB61672103D661004EF011 /* sheep.scn in Resources */,
				CBC7FBA02125BE6B00898C82 /* lights.scn in Resources */,
				CBDB4F7E20FFC57800476C15 /* Assets.xcassets in Resources */,
				9B52D75F210282F20020C37D /* elephant.scn in Resources */,
				9B25EE522100DC3400550423 /* forrest.xib in Resources */,
				CBDB4F7C20FFC57600476C15 /* Main.storyboard in Resources */,
				9BBB61732104B746004EF011 /* Tutorial.storyboard in Resources */,
				9BC867FC2102764500A3F4AB /* dog.png in Resources */,
				9B25EE4B2100D74300550423 /* savana.xib in Resources */,
				9BBB61662103D65D004EF011 /* owl.scn in Resources */,
			);
			runOnlyForDeploymentPostprocessing = 0;
		};
/* End PBXResourcesBuildPhase section */

/* Begin PBXSourcesBuildPhase section */
		CBDB4F6D20FFC57600476C15 /* Sources */ = {
			isa = PBXSourcesBuildPhase;
			buildActionMask = 2147483647;
			files = (
				9BD1E03521053C26002FE68D /* ConfettiView.swift in Sources */,
				9B25EE4D2100D7A400550423 /* InitialScreenReference.swift in Sources */,
				9B25EE5B2100FA5F00550423 /* RoundView.swift in Sources */,
				9B785D202102237A004E4CE4 /* SumOperator.swift in Sources */,
				9B25EE562100E03600550423 /* IndiaScreen.swift in Sources */,
				9B25EE4F2100D81100550423 /* InitialScreenViewController.swift in Sources */,
				9B25EE412100CE9400550423 /* ObjectReference.swift in Sources */,
				9BBB61792104C1C8004EF011 /* TutorialCollectionViewCell.swift in Sources */,
				9BBB616E21041614004EF011 /* AudioManager.swift in Sources */,
				9B785D2421023C9D004E4CE4 /* EndGameViewController.swift in Sources */,
				9BBB61752104B8EF004EF011 /* TutorialViewController.swift in Sources */,
				9B25EE592100F51300550423 /* UserDefaultsManager.swift in Sources */,
				CBDB4F8F2100B37800476C15 /* ObjectModel.swift in Sources */,
				CBDB4F7920FFC57600476C15 /* ViewController.swift in Sources */,
				CB710D972101168C00D41D53 /* StringExtension.swift in Sources */,
				9BBB61772104BECE004EF011 /* TutorialReference.swift in Sources */,
				9B25EE482100D2F000550423 /* MenuViewController.swift in Sources */,
				CBDB4F7520FFC57600476C15 /* AppDelegate.swift in Sources */,
				CBDB4F8D2100B1B600476C15 /* GamePresenter.swift in Sources */,
				CB2F9B4021020BA90029889A /* Float4x4Extension.swift in Sources */,
				CB710D9421010EB700D41D53 /* CorrectLetter.swift in Sources */,
				9B25EE462100D06900550423 /* MenuCollectionViewCell.swift in Sources */,
			);
			runOnlyForDeploymentPostprocessing = 0;
		};
/* End PBXSourcesBuildPhase section */

/* Begin PBXVariantGroup section */
		9BE04F182126007000F883A9 /* Localizable.strings */ = {
			isa = PBXVariantGroup;
			children = (
				9BE04F172126007000F883A9 /* en */,
				9BE04F192126007300F883A9 /* pt-BR */,
				9BE04F1C212602C200F883A9 /* es-419 */,
				9BE04F1F212602CA00F883A9 /* ko */,
				9BE04F25212602E600F883A9 /* zh-Hans */,
				9BE04F28212602F100F883A9 /* de */,
				9BE04F2B212602F700F883A9 /* ru */,
				9BE04F2E2126030500F883A9 /* fr */,
				9BE04F312126030C00F883A9 /* ja */,
				9BE04F342126031800F883A9 /* it */,
			);
			name = Localizable.strings;
			sourceTree = "<group>";
		};
		CBDB4F7A20FFC57600476C15 /* Main.storyboard */ = {
			isa = PBXVariantGroup;
			children = (
				CBDB4F7B20FFC57600476C15 /* Base */,
				9BE04F122126000A00F883A9 /* pt-BR */,
				9BE04F1A212602C100F883A9 /* es-419 */,
				9BE04F1D212602CA00F883A9 /* ko */,
				9BE04F23212602E600F883A9 /* zh-Hans */,
				9BE04F26212602F000F883A9 /* de */,
				9BE04F29212602F600F883A9 /* ru */,
				9BE04F2C2126030400F883A9 /* fr */,
				9BE04F2F2126030B00F883A9 /* ja */,
				9BE04F322126031800F883A9 /* it */,
			);
			name = Main.storyboard;
			sourceTree = "<group>";
		};
		CBDB4F7F20FFC57800476C15 /* LaunchScreen.storyboard */ = {
			isa = PBXVariantGroup;
			children = (
				CBDB4F8020FFC57800476C15 /* Base */,
				9BE04F132126000A00F883A9 /* pt-BR */,
				9BE04F1B212602C100F883A9 /* es-419 */,
				9BE04F1E212602CA00F883A9 /* ko */,
				9BE04F24212602E600F883A9 /* zh-Hans */,
				9BE04F27212602F100F883A9 /* de */,
				9BE04F2A212602F700F883A9 /* ru */,
				9BE04F2D2126030400F883A9 /* fr */,
				9BE04F302126030C00F883A9 /* ja */,
				9BE04F332126031800F883A9 /* it */,
			);
			name = LaunchScreen.storyboard;
			sourceTree = "<group>";
		};
/* End PBXVariantGroup section */

/* Begin XCBuildConfiguration section */
		CBDB4F8320FFC57800476C15 /* Debug */ = {
			isa = XCBuildConfiguration;
			buildSettings = {
				ALWAYS_SEARCH_USER_PATHS = NO;
				CLANG_ANALYZER_LOCALIZABILITY_NONLOCALIZED = YES;
				CLANG_ANALYZER_NONNULL = YES;
				CLANG_ANALYZER_NUMBER_OBJECT_CONVERSION = YES_AGGRESSIVE;
				CLANG_CXX_LANGUAGE_STANDARD = "gnu++14";
				CLANG_CXX_LIBRARY = "libc++";
				CLANG_ENABLE_MODULES = YES;
				CLANG_ENABLE_OBJC_ARC = YES;
				CLANG_ENABLE_OBJC_WEAK = YES;
				CLANG_WARN_BLOCK_CAPTURE_AUTORELEASING = YES;
				CLANG_WARN_BOOL_CONVERSION = YES;
				CLANG_WARN_COMMA = YES;
				CLANG_WARN_CONSTANT_CONVERSION = YES;
				CLANG_WARN_DEPRECATED_OBJC_IMPLEMENTATIONS = YES;
				CLANG_WARN_DIRECT_OBJC_ISA_USAGE = YES_ERROR;
				CLANG_WARN_DOCUMENTATION_COMMENTS = YES;
				CLANG_WARN_EMPTY_BODY = YES;
				CLANG_WARN_ENUM_CONVERSION = YES;
				CLANG_WARN_INFINITE_RECURSION = YES;
				CLANG_WARN_INT_CONVERSION = YES;
				CLANG_WARN_NON_LITERAL_NULL_CONVERSION = YES;
				CLANG_WARN_OBJC_IMPLICIT_RETAIN_SELF = YES;
				CLANG_WARN_OBJC_LITERAL_CONVERSION = YES;
				CLANG_WARN_OBJC_ROOT_CLASS = YES_ERROR;
				CLANG_WARN_RANGE_LOOP_ANALYSIS = YES;
				CLANG_WARN_STRICT_PROTOTYPES = YES;
				CLANG_WARN_SUSPICIOUS_MOVE = YES;
				CLANG_WARN_UNGUARDED_AVAILABILITY = YES_AGGRESSIVE;
				CLANG_WARN_UNREACHABLE_CODE = YES;
				CLANG_WARN__DUPLICATE_METHOD_MATCH = YES;
				CODE_SIGN_IDENTITY = "iPhone Developer";
				COPY_PHASE_STRIP = NO;
				DEBUG_INFORMATION_FORMAT = dwarf;
				ENABLE_STRICT_OBJC_MSGSEND = YES;
				ENABLE_TESTABILITY = YES;
				GCC_C_LANGUAGE_STANDARD = gnu11;
				GCC_DYNAMIC_NO_PIC = NO;
				GCC_NO_COMMON_BLOCKS = YES;
				GCC_OPTIMIZATION_LEVEL = 0;
				GCC_PREPROCESSOR_DEFINITIONS = (
					"DEBUG=1",
					"$(inherited)",
				);
				GCC_WARN_64_TO_32_BIT_CONVERSION = YES;
				GCC_WARN_ABOUT_RETURN_TYPE = YES_ERROR;
				GCC_WARN_UNDECLARED_SELECTOR = YES;
				GCC_WARN_UNINITIALIZED_AUTOS = YES_AGGRESSIVE;
				GCC_WARN_UNUSED_FUNCTION = YES;
				GCC_WARN_UNUSED_VARIABLE = YES;
				IPHONEOS_DEPLOYMENT_TARGET = 11.4;
				MTL_ENABLE_DEBUG_INFO = YES;
				ONLY_ACTIVE_ARCH = YES;
				SDKROOT = iphoneos;
				SWIFT_ACTIVE_COMPILATION_CONDITIONS = DEBUG;
				SWIFT_OPTIMIZATION_LEVEL = "-Onone";
			};
			name = Debug;
		};
		CBDB4F8420FFC57800476C15 /* Release */ = {
			isa = XCBuildConfiguration;
			buildSettings = {
				ALWAYS_SEARCH_USER_PATHS = NO;
				CLANG_ANALYZER_LOCALIZABILITY_NONLOCALIZED = YES;
				CLANG_ANALYZER_NONNULL = YES;
				CLANG_ANALYZER_NUMBER_OBJECT_CONVERSION = YES_AGGRESSIVE;
				CLANG_CXX_LANGUAGE_STANDARD = "gnu++14";
				CLANG_CXX_LIBRARY = "libc++";
				CLANG_ENABLE_MODULES = YES;
				CLANG_ENABLE_OBJC_ARC = YES;
				CLANG_ENABLE_OBJC_WEAK = YES;
				CLANG_WARN_BLOCK_CAPTURE_AUTORELEASING = YES;
				CLANG_WARN_BOOL_CONVERSION = YES;
				CLANG_WARN_COMMA = YES;
				CLANG_WARN_CONSTANT_CONVERSION = YES;
				CLANG_WARN_DEPRECATED_OBJC_IMPLEMENTATIONS = YES;
				CLANG_WARN_DIRECT_OBJC_ISA_USAGE = YES_ERROR;
				CLANG_WARN_DOCUMENTATION_COMMENTS = YES;
				CLANG_WARN_EMPTY_BODY = YES;
				CLANG_WARN_ENUM_CONVERSION = YES;
				CLANG_WARN_INFINITE_RECURSION = YES;
				CLANG_WARN_INT_CONVERSION = YES;
				CLANG_WARN_NON_LITERAL_NULL_CONVERSION = YES;
				CLANG_WARN_OBJC_IMPLICIT_RETAIN_SELF = YES;
				CLANG_WARN_OBJC_LITERAL_CONVERSION = YES;
				CLANG_WARN_OBJC_ROOT_CLASS = YES_ERROR;
				CLANG_WARN_RANGE_LOOP_ANALYSIS = YES;
				CLANG_WARN_STRICT_PROTOTYPES = YES;
				CLANG_WARN_SUSPICIOUS_MOVE = YES;
				CLANG_WARN_UNGUARDED_AVAILABILITY = YES_AGGRESSIVE;
				CLANG_WARN_UNREACHABLE_CODE = YES;
				CLANG_WARN__DUPLICATE_METHOD_MATCH = YES;
				CODE_SIGN_IDENTITY = "iPhone Developer";
				COPY_PHASE_STRIP = NO;
				DEBUG_INFORMATION_FORMAT = "dwarf-with-dsym";
				ENABLE_NS_ASSERTIONS = NO;
				ENABLE_STRICT_OBJC_MSGSEND = YES;
				GCC_C_LANGUAGE_STANDARD = gnu11;
				GCC_NO_COMMON_BLOCKS = YES;
				GCC_WARN_64_TO_32_BIT_CONVERSION = YES;
				GCC_WARN_ABOUT_RETURN_TYPE = YES_ERROR;
				GCC_WARN_UNDECLARED_SELECTOR = YES;
				GCC_WARN_UNINITIALIZED_AUTOS = YES_AGGRESSIVE;
				GCC_WARN_UNUSED_FUNCTION = YES;
				GCC_WARN_UNUSED_VARIABLE = YES;
				IPHONEOS_DEPLOYMENT_TARGET = 11.4;
				MTL_ENABLE_DEBUG_INFO = NO;
				SDKROOT = iphoneos;
				SWIFT_COMPILATION_MODE = wholemodule;
				SWIFT_OPTIMIZATION_LEVEL = "-O";
				VALIDATE_PRODUCT = YES;
			};
			name = Release;
		};
		CBDB4F8620FFC57800476C15 /* Debug */ = {
			isa = XCBuildConfiguration;
			buildSettings = {
				ASSETCATALOG_COMPILER_APPICON_NAME = AppIcon;
				CODE_SIGN_STYLE = Automatic;
				DEVELOPMENT_TEAM = 2ECVV26Q6C;
				INFOPLIST_FILE = Letter/Info.plist;
				IPHONEOS_DEPLOYMENT_TARGET = 11.0;
				LD_RUNPATH_SEARCH_PATHS = (
					"$(inherited)",
					"@executable_path/Frameworks",
				);
				PRODUCT_BUNDLE_IDENTIFIER = bepid.campinas.qualonome;
				PRODUCT_NAME = "$(TARGET_NAME)";
				SWIFT_VERSION = 4.0;
				TARGETED_DEVICE_FAMILY = 1;
			};
			name = Debug;
		};
		CBDB4F8720FFC57800476C15 /* Release */ = {
			isa = XCBuildConfiguration;
			buildSettings = {
				ASSETCATALOG_COMPILER_APPICON_NAME = AppIcon;
				CODE_SIGN_STYLE = Automatic;
				DEVELOPMENT_TEAM = 2ECVV26Q6C;
				INFOPLIST_FILE = Letter/Info.plist;
				IPHONEOS_DEPLOYMENT_TARGET = 11.0;
				LD_RUNPATH_SEARCH_PATHS = (
					"$(inherited)",
					"@executable_path/Frameworks",
				);
				PRODUCT_BUNDLE_IDENTIFIER = bepid.campinas.qualonome;
				PRODUCT_NAME = "$(TARGET_NAME)";
				SWIFT_VERSION = 4.0;
				TARGETED_DEVICE_FAMILY = 1;
			};
			name = Release;
		};
/* End XCBuildConfiguration section */

/* Begin XCConfigurationList section */
		CBDB4F6C20FFC57600476C15 /* Build configuration list for PBXProject "Letter" */ = {
			isa = XCConfigurationList;
			buildConfigurations = (
				CBDB4F8320FFC57800476C15 /* Debug */,
				CBDB4F8420FFC57800476C15 /* Release */,
			);
			defaultConfigurationIsVisible = 0;
			defaultConfigurationName = Release;
		};
		CBDB4F8520FFC57800476C15 /* Build configuration list for PBXNativeTarget "Letter" */ = {
			isa = XCConfigurationList;
			buildConfigurations = (
				CBDB4F8620FFC57800476C15 /* Debug */,
				CBDB4F8720FFC57800476C15 /* Release */,
			);
			defaultConfigurationIsVisible = 0;
			defaultConfigurationName = Release;
		};
/* End XCConfigurationList section */
	};
	rootObject = CBDB4F6920FFC57600476C15 /* Project object */;
}
